// !$*UTF8*$!
{
	archiveVersion = 1;
	classes = {
	};
	objectVersion = 46;
	objects = {

/* Begin PBXBuildFile section */
		C21171991F6C49F100C62B08 /* AppDelegate.swift in Sources */ = {isa = PBXBuildFile; fileRef = C21171981F6C49F100C62B08 /* AppDelegate.swift */; };
		C211719E1F6C49F100C62B08 /* Main.storyboard in Resources */ = {isa = PBXBuildFile; fileRef = C211719C1F6C49F100C62B08 /* Main.storyboard */; };
		C21171A01F6C49F100C62B08 /* Assets.xcassets in Resources */ = {isa = PBXBuildFile; fileRef = C211719F1F6C49F100C62B08 /* Assets.xcassets */; };
		C21171A31F6C49F100C62B08 /* LaunchScreen.storyboard in Resources */ = {isa = PBXBuildFile; fileRef = C21171A11F6C49F100C62B08 /* LaunchScreen.storyboard */; };
		C21171AB1F6C4A0200C62B08 /* AViewController.swift in Sources */ = {isa = PBXBuildFile; fileRef = C21171AA1F6C4A0200C62B08 /* AViewController.swift */; };
		C21171AD1F6C4A0E00C62B08 /* BViewController.swift in Sources */ = {isa = PBXBuildFile; fileRef = C21171AC1F6C4A0E00C62B08 /* BViewController.swift */; };
		C21171AF1F6C4A2700C62B08 /* CViewController.swift in Sources */ = {isa = PBXBuildFile; fileRef = C21171AE1F6C4A2700C62B08 /* CViewController.swift */; };
/* End PBXBuildFile section */

/* Begin PBXFileReference section */
		C21171951F6C49F100C62B08 /* ModalDismissTest.app */ = {isa = PBXFileReference; explicitFileType = wrapper.application; includeInIndex = 0; path = ModalDismissTest.app; sourceTree = BUILT_PRODUCTS_DIR; };
		C21171981F6C49F100C62B08 /* AppDelegate.swift */ = {isa = PBXFileReference; lastKnownFileType = sourcecode.swift; path = AppDelegate.swift; sourceTree = "<group>"; };
		C211719D1F6C49F100C62B08 /* Base */ = {isa = PBXFileReference; lastKnownFileType = file.storyboard; name = Base; path = Base.lproj/Main.storyboard; sourceTree = "<group>"; };
		C211719F1F6C49F100C62B08 /* Assets.xcassets */ = {isa = PBXFileReference; lastKnownFileType = folder.assetcatalog; path = Assets.xcassets; sourceTree = "<group>"; };
		C21171A21F6C49F100C62B08 /* Base */ = {isa = PBXFileReference; lastKnownFileType = file.storyboard; name = Base; path = Base.lproj/LaunchScreen.storyboard; sourceTree = "<group>"; };
		C21171A41F6C49F100C62B08 /* Info.plist */ = {isa = PBXFileReference; lastKnownFileType = text.plist.xml; path = Info.plist; sourceTree = "<group>"; };
		C21171AA1F6C4A0200C62B08 /* AViewController.swift */ = {isa = PBXFileReference; fileEncoding = 4; lastKnownFileType = sourcecode.swift; path = AViewController.swift; sourceTree = "<group>"; };
		C21171AC1F6C4A0E00C62B08 /* BViewController.swift */ = {isa = PBXFileReference; fileEncoding = 4; lastKnownFileType = sourcecode.swift; path = BViewController.swift; sourceTree = "<group>"; };
		C21171AE1F6C4A2700C62B08 /* CViewController.swift */ = {isa = PBXFileReference; fileEncoding = 4; lastKnownFileType = sourcecode.swift; path = CViewController.swift; sourceTree = "<group>"; };
/* End PBXFileReference section */

/* Begin PBXFrameworksBuildPhase section */
		C21171921F6C49F100C62B08 /* Frameworks */ = {
			isa = PBXFrameworksBuildPhase;
			buildActionMask = 2147483647;
			files = (
			);
			runOnlyForDeploymentPostprocessing = 0;
		};
/* End PBXFrameworksBuildPhase section */

/* Begin PBXGroup section */
		C211718C1F6C49F100C62B08 = {
			isa = PBXGroup;
			children = (
				C21171971F6C49F100C62B08 /* ModalDismissTest */,
				C21171961F6C49F100C62B08 /* Products */,
			);
			sourceTree = "<group>";
		};
		C21171961F6C49F100C62B08 /* Products */ = {
			isa = PBXGroup;
			children = (
				C21171951F6C49F100C62B08 /* ModalDismissTest.app */,
			);
			name = Products;
			sourceTree = "<group>";
		};
		C21171971F6C49F100C62B08 /* ModalDismissTest */ = {
			isa = PBXGroup;
			children = (
				C21171981F6C49F100C62B08 /* AppDelegate.swift */,
				C211719C1F6C49F100C62B08 /* Main.storyboard */,
				C211719F1F6C49F100C62B08 /* Assets.xcassets */,
				C21171A11F6C49F100C62B08 /* LaunchScreen.storyboard */,
				C21171A41F6C49F100C62B08 /* Info.plist */,
				C21171AA1F6C4A0200C62B08 /* AViewController.swift */,
				C21171AC1F6C4A0E00C62B08 /* BViewController.swift */,
				C21171AE1F6C4A2700C62B08 /* CViewController.swift */,
			);
			path = ModalDismissTest;
			sourceTree = "<group>";
		};
/* End PBXGroup section */

/* Begin PBXNativeTarget section */
		C21171941F6C49F100C62B08 /* ModalDismissTest */ = {
			isa = PBXNativeTarget;
			buildConfigurationList = C21171A71F6C49F100C62B08 /* Build configuration list for PBXNativeTarget "ModalDismissTest" */;
			buildPhases = (
				C21171911F6C49F100C62B08 /* Sources */,
				C21171921F6C49F100C62B08 /* Frameworks */,
				C21171931F6C49F100C62B08 /* Resources */,
			);
			buildRules = (
			);
			dependencies = (
			);
			name = ModalDismissTest;
			productName = ModalDismissTest;
			productReference = C21171951F6C49F100C62B08 /* ModalDismissTest.app */;
			productType = "com.apple.product-type.application";
		};
/* End PBXNativeTarget section */

/* Begin PBXProject section */
		C211718D1F6C49F100C62B08 /* Project object */ = {
			isa = PBXProject;
			attributes = {
				LastSwiftUpdateCheck = 0830;
				LastUpgradeCheck = 0830;
				ORGANIZATIONNAME = "Mike Bernardo";
				TargetAttributes = {
					C21171941F6C49F100C62B08 = {
						CreatedOnToolsVersion = 8.3.3;
						ProvisioningStyle = Automatic;
					};
				};
			};
			buildConfigurationList = C21171901F6C49F100C62B08 /* Build configuration list for PBXProject "ModalDismissTest" */;
			compatibilityVersion = "Xcode 3.2";
			developmentRegion = English;
			hasScannedForEncodings = 0;
			knownRegions = (
				en,
				Base,
			);
			mainGroup = C211718C1F6C49F100C62B08;
			productRefGroup = C21171961F6C49F100C62B08 /* Products */;
			projectDirPath = "";
			projectRoot = "";
			targets = (
				C21171941F6C49F100C62B08 /* ModalDismissTest */,
			);
		};
/* End PBXProject section */

/* Begin PBXResourcesBuildPhase section */
		C21171931F6C49F100C62B08 /* Resources */ = {
			isa = PBXResourcesBuildPhase;
			buildActionMask = 2147483647;
			files = (
				C21171A31F6C49F100C62B08 /* LaunchScreen.storyboard in Resources */,
				C21171A01F6C49F100C62B08 /* Assets.xcassets in Resources */,
				C211719E1F6C49F100C62B08 /* Main.storyboard in Resources */,
			);
			runOnlyForDeploymentPostprocessing = 0;
		};
/* End PBXResourcesBuildPhase section */

/* Begin PBXSourcesBuildPhase section */
		C21171911F6C49F100C62B08 /* Sources */ = {
			isa = PBXSourcesBuildPhase;
			buildActionMask = 2147483647;
			files = (
				C21171AD1F6C4A0E00C62B08 /* BViewController.swift in Sources */,
				C21171AF1F6C4A2700C62B08 /* CViewController.swift in Sources */,
				C21171AB1F6C4A0200C62B08 /* AViewController.swift in Sources */,
				C21171991F6C49F100C62B08 /* AppDelegate.swift in Sources */,
			);
			runOnlyForDeploymentPostprocessing = 0;
		};
/* End PBXSourcesBuildPhase section */

/* Begin PBXVariantGroup section */
		C211719C1F6C49F100C62B08 /* Main.storyboard */ = {
			isa = PBXVariantGroup;
			children = (
				C211719D1F6C49F100C62B08 /* Base */,
			);
			name = Main.storyboard;
			sourceTree = "<group>";
		};
		C21171A11F6C49F100C62B08 /* LaunchScreen.storyboard */ = {
			isa = PBXVariantGroup;
			children = (
				C21171A21F6C49F100C62B08 /* Base */,
			);
			name = LaunchScreen.storyboard;
			sourceTree = "<group>";
		};
/* End PBXVariantGroup section */

/* Begin XCBuildConfiguration section */
		C21171A51F6C49F100C62B08 /* Debug */ = {
			isa = XCBuildConfiguration;
			buildSettings = {
				ALWAYS_SEARCH_USER_PATHS = NO;
				CLANG_ANALYZER_NONNULL = YES;
				CLANG_ANALYZER_NUMBER_OBJECT_CONVERSION = YES_AGGRESSIVE;
				CLANG_CXX_LANGUAGE_STANDARD = "gnu++0x";
				CLANG_CXX_LIBRARY = "libc++";
				CLANG_ENABLE_MODULES = YES;
				CLANG_ENABLE_OBJC_ARC = YES;
				CLANG_WARN_BOOL_CONVERSION = YES;
				CLANG_WARN_CONSTANT_CONVERSION = YES;
				CLANG_WARN_DIRECT_OBJC_ISA_USAGE = YES_ERROR;
				CLANG_WARN_DOCUMENTATION_COMMENTS = YES;
				CLANG_WARN_EMPTY_BODY = YES;
				CLANG_WARN_ENUM_CONVERSION = YES;
				CLANG_WARN_INFINITE_RECURSION = YES;
				CLANG_WARN_INT_CONVERSION = YES;
				CLANG_WARN_OBJC_ROOT_CLASS = YES_ERROR;
				CLANG_WARN_SUSPICIOUS_MOVE = YES;
				CLANG_WARN_UNREACHABLE_CODE = YES;
				CLANG_WARN__DUPLICATE_METHOD_MATCH = YES;
				"CODE_SIGN_IDENTITY[sdk=iphoneos*]" = "iPhone Developer";
				COPY_PHASE_STRIP = NO;
				DEBUG_INFORMATION_FORMAT = dwarf;
				ENABLE_STRICT_OBJC_MSGSEND = YES;
				ENABLE_TESTABILITY = YES;
				GCC_C_LANGUAGE_STANDARD = gnu99;
				GCC_DYNAMIC_NO_PIC = NO;
				GCC_NO_COMMON_BLOCKS = YES;
				GCC_OPTIMIZATION_LEVEL = 0;
				GCC_PREPROCESSOR_DEFINITIONS = (
					"DEBUG=1",
					"$(inherited)",
				);
				GCC_WARN_64_TO_32_BIT_CONVERSION = YES;
				GCC_WARN_ABOUT_RETURN_TYPE = YES_ERROR;
				GCC_WARN_UNDECLARED_SELECTOR = YES;
				GCC_WARN_UNINITIALIZED_AUTOS = YES_AGGRESSIVE;
				GCC_WARN_UNUSED_FUNCTION = YES;
				GCC_WARN_UNUSED_VARIABLE = YES;
				IPHONEOS_DEPLOYMENT_TARGET = 10.3;
				MTL_ENABLE_DEBUG_INFO = YES;
				ONLY_ACTIVE_ARCH = YES;
				SDKROOT = iphoneos;
				SWIFT_ACTIVE_COMPILATION_CONDITIONS = DEBUG;
				SWIFT_OPTIMIZATION_LEVEL = "-Onone";
			};
			name = Debug;
		};
		C21171A61F6C49F100C62B08 /* Release */ = {
			isa = XCBuildConfiguration;
			buildSettings = {
				ALWAYS_SEARCH_USER_PATHS = NO;
				CLANG_ANALYZER_NONNULL = YES;
				CLANG_ANALYZER_NUMBER_OBJECT_CONVERSION = YES_AGGRESSIVE;
				CLANG_CXX_LANGUAGE_STANDARD = "gnu++0x";
				CLANG_CXX_LIBRARY = "libc++";
				CLANG_ENABLE_MODULES = YES;
				CLANG_ENABLE_OBJC_ARC = YES;
				CLANG_WARN_BOOL_CONVERSION = YES;
				CLANG_WARN_CONSTANT_CONVERSION = YES;
				CLANG_WARN_DIRECT_OBJC_ISA_USAGE = YES_ERROR;
				CLANG_WARN_DOCUMENTATION_COMMENTS = YES;
				CLANG_WARN_EMPTY_BODY = YES;
				CLANG_WARN_ENUM_CONVERSION = YES;
				CLANG_WARN_INFINITE_RECURSION = YES;
				CLANG_WARN_INT_CONVERSION = YES;
				CLANG_WARN_OBJC_ROOT_CLASS = YES_ERROR;
				CLANG_WARN_SUSPICIOUS_MOVE = YES;
				CLANG_WARN_UNREACHABLE_CODE = YES;
				CLANG_WARN__DUPLICATE_METHOD_MATCH = YES;
				"CODE_SIGN_IDENTITY[sdk=iphoneos*]" = "iPhone Developer";
				COPY_PHASE_STRIP = NO;
				DEBUG_INFORMATION_FORMAT = "dwarf-with-dsym";
				ENABLE_NS_ASSERTIONS = NO;
				ENABLE_STRICT_OBJC_MSGSEND = YES;
				GCC_C_LANGUAGE_STANDARD = gnu99;
				GCC_NO_COMMON_BLOCKS = YES;
				GCC_WARN_64_TO_32_BIT_CONVERSION = YES;
				GCC_WARN_ABOUT_RETURN_TYPE = YES_ERROR;
				GCC_WARN_UNDECLARED_SELECTOR = YES;
				GCC_WARN_UNINITIALIZED_AUTOS = YES_AGGRESSIVE;
				GCC_WARN_UNUSED_FUNCTION = YES;
				GCC_WARN_UNUSED_VARIABLE = YES;
				IPHONEOS_DEPLOYMENT_TARGET = 10.3;
				MTL_ENABLE_DEBUG_INFO = NO;
				SDKROOT = iphoneos;
				SWIFT_OPTIMIZATION_LEVEL = "-Owholemodule";
				VALIDATE_PRODUCT = YES;
			};
			name = Release;
		};
		C21171A81F6C49F100C62B08 /* Debug */ = {
			isa = XCBuildConfiguration;
			buildSettings = {
				ASSETCATALOG_COMPILER_APPICON_NAME = AppIcon;
				"CODE_SIGN_IDENTITY[sdk=iphoneos*]" = "iPhone Developer";
				DEVELOPMENT_TEAM = "";
				INFOPLIST_FILE = ModalDismissTest/Info.plist;
				LD_RUNPATH_SEARCH_PATHS = "$(inherited) @executable_path/Frameworks";
				PRODUCT_BUNDLE_IDENTIFIER = com.mikebernardo.ModalDismissTest;
				PRODUCT_NAME = "$(TARGET_NAME)";
				PROVISIONING_PROFILE_SPECIFIER = "";
				SWIFT_VERSION = 3.0;
			};
			name = Debug;
		};
		C21171A91F6C49F100C62B08 /* Release */ = {
			isa = XCBuildConfiguration;
			buildSettings = {
				ASSETCATALOG_COMPILER_APPICON_NAME = AppIcon;
				"CODE_SIGN_IDENTITY[sdk=iphoneos*]" = "iPhone Developer";
				DEVELOPMENT_TEAM = "";
				INFOPLIST_FILE = ModalDismissTest/Info.plist;
				LD_RUNPATH_SEARCH_PATHS = "$(inherited) @executable_path/Frameworks";
				PRODUCT_BUNDLE_IDENTIFIER = com.mikebernardo.ModalDismissTest;
				PRODUCT_NAME = "$(TARGET_NAME)";
				PROVISIONING_PROFILE_SPECIFIER = "";
				SWIFT_VERSION = 3.0;
			};
			name = Release;
		};
/* End XCBuildConfiguration section */

/* Begin XCConfigurationList section */
		C21171901F6C49F100C62B08 /* Build configuration list for PBXProject "ModalDismissTest" */ = {
			isa = XCConfigurationList;
			buildConfigurations = (
				C21171A51F6C49F100C62B08 /* Debug */,
				C21171A61F6C49F100C62B08 /* Release */,
			);
			defaultConfigurationIsVisible = 0;
			defaultConfigurationName = Release;
		};
		C21171A71F6C49F100C62B08 /* Build configuration list for PBXNativeTarget "ModalDismissTest" */ = {
			isa = XCConfigurationList;
			buildConfigurations = (
				C21171A81F6C49F100C62B08 /* Debug */,
				C21171A91F6C49F100C62B08 /* Release */,
			);
			defaultConfigurationIsVisible = 0;
			defaultConfigurationName = Release;
		};
/* End XCConfigurationList section */
	};
	rootObject = C211718D1F6C49F100C62B08 /* Project object */;
}
